
Microsoft Visual Studio Solution File, Format Version 12.00
# Visual Studio Version 17
VisualStudioVersion = 17.2.32602.215
MinimumVisualStudioVersion = 10.0.40219.1
Project("{FAE04EC0-301F-11D3-BF4B-00C04F79EFBC}") = "Ceiba.WPFParkingLotADN", "Ceiba.WPFParkingLotADN\Ceiba.WPFParkingLotADN.csproj", "{EB2B2104-8AB8-4976-B0EB-0EA7DCCBFE15}"
EndProject
Global
	GlobalSection(SolutionConfigurationPlatforms) = preSolution
		Debug|Any CPU = Debug|Any CPU
		Release|Any CPU = Release|Any CPU
	EndGlobalSection
	GlobalSection(ProjectConfigurationPlatforms) = postSolution
		{EB2B2104-8AB8-4976-B0EB-0EA7DCCBFE15}.Debug|Any CPU.ActiveCfg = Debug|Any CPU
		{EB2B2104-8AB8-4976-B0EB-0EA7DCCBFE15}.Debug|Any CPU.Build.0 = Debug|Any CPU
		{EB2B2104-8AB8-4976-B0EB-0EA7DCCBFE15}.Release|Any CPU.ActiveCfg = Release|Any CPU
		{EB2B2104-8AB8-4976-B0EB-0EA7DCCBFE15}.Release|Any CPU.Build.0 = Release|Any CPU
	EndGlobalSection
	GlobalSection(SolutionProperties) = preSolution
		HideSolutionNode = FALSE
	EndGlobalSection
	GlobalSection(ExtensibilityGlobals) = postSolution
		SolutionGuid = {EE5E9550-4819-4DC0-BCC8-952A960C2A83}
	EndGlobalSection
EndGlobal
